PODS:
  - Flutter (1.0.0)
  - integration_test (0.0.1):
    - Flutter
  - local_auth_darwin (0.0.1):
    - Flutter
    - FlutterMacOS
  - mapbox_maps_flutter (2.7.0-rc.1):
    - Flutter
    - MapboxMaps (= 11.11.0-rc.1)
    - Turf (= 4.0.0)
  - MapboxCommon (24.11.0-rc.2):
    - Turf (= 4.0.0)
  - MapboxCoreMaps (11.11.0-rc.2):
    - MapboxCommon (~> 24.11.0-rc)
  - MapboxMaps (11.11.0-rc.1):
    - MapboxCommon (= 24.11.0-rc.2)
    - MapboxCoreMaps (= 11.11.0-rc.2)
    - Turf (= 4.0.0)
  - path_provider_foundation (0.0.1):
    - Flutter
    - FlutterMacOS
  - permission_handler_apple (9.1.1):
    - Flutter
  - Turf (4.0.0)

DEPENDENCIES:
  - Flutter (from `Flutter`)
  - integration_test (from `.symlinks/plugins/integration_test/ios`)
  - local_auth_darwin (from `.symlinks/plugins/local_auth_darwin/darwin`)
  - mapbox_maps_flutter (from `.symlinks/plugins/mapbox_maps_flutter/ios`)
  - path_provider_foundation (from `.symlinks/plugins/path_provider_foundation/darwin`)
  - permission_handler_apple (from `.symlinks/plugins/permission_handler_apple/ios`)

SPEC REPOS:
  trunk:
    - MapboxCommon
    - MapboxCoreMaps
    - MapboxMaps
    - Turf

EXTERNAL SOURCES:
  Flutter:
    :path: Flutter
  integration_test:
    :path: ".symlinks/plugins/integration_test/ios"
  local_auth_darwin:
    :path: ".symlinks/plugins/local_auth_darwin/darwin"
  mapbox_maps_flutter:
    :path: ".symlinks/plugins/mapbox_maps_flutter/ios"
  path_provider_foundation:
    :path: ".symlinks/plugins/path_provider_foundation/darwin"
  permission_handler_apple:
    :path: ".symlinks/plugins/permission_handler_apple/ios"

SPEC CHECKSUMS:
  Flutter: e0871f40cf51350855a761d2e70bf5af5b9b5de7
  integration_test: 252f60fa39af5e17c3aa9899d35d908a0721b573
  local_auth_darwin: 66e40372f1c29f383a314c738c7446e2f7fdadc3
  mapbox_maps_flutter: 8028ebd1a3063e7176655b4a88b30cad7808b82b
  MapboxCommon: 855e3cbf801ca0458f4630fc87ff5663f9293d9a
  MapboxCoreMaps: cd795c1c9080d855da475b6c3b9d551eddc873ec
  MapboxMaps: 4a55b2e28dd1a2c68722ea22faff172c2a590d60
  path_provider_foundation: 2b6b4c569c0fb62ec74538f866245ac84301af46
  permission_handler_apple: e76247795d700c14ea09e3a2d8855d41ee80a2e6
  Turf: c9eb11a65d96af58cac523460fd40fec5061b081

PODFILE CHECKSUM: b3192822a93c0d8045ea3b93674ed183e8ddffc6

COCOAPODS: 1.16.2
